dependencies:
- name: postgresql
  repository: https://charts.bitnami.com/bitnami
  version: 12.5.5
- name: kafka
  repository: https://charts.bitnami.com/bitnami
  version: 18.3.1
digest: sha256:34c18534cb9d4a9e6f1c5b5ae5ff4a215781b183c160be5e9a1022454cbd61f3
generated: "2023-05-29T21:47:27.494355+03:00"
